// !$*UTF8*$!
{
	archiveVersion = 1;
	classes = {
	};
	objectVersion = 50;
	objects = {

/* Begin PBXBuildFile section */
		970A9BF325BB3E94007F48C8 /* AppDelegate.swift in Sources */ = {isa = PBXBuildFile; fileRef = 970A9BF225BB3E94007F48C8 /* AppDelegate.swift */; };
		970A9BF525BB3E94007F48C8 /* SceneDelegate.swift in Sources */ = {isa = PBXBuildFile; fileRef = 970A9BF425BB3E94007F48C8 /* SceneDelegate.swift */; };
		970A9BF725BB3E94007F48C8 /* RSSViewController.swift in Sources */ = {isa = PBXBuildFile; fileRef = 970A9BF625BB3E94007F48C8 /* RSSViewController.swift */; };
		970A9BFC25BB3E9A007F48C8 /* Assets.xcassets in Resources */ = {isa = PBXBuildFile; fileRef = 970A9BFB25BB3E9A007F48C8 /* Assets.xcassets */; };
		970A9BFF25BB3E9A007F48C8 /* LaunchScreen.storyboard in Resources */ = {isa = PBXBuildFile; fileRef = 970A9BFD25BB3E9A007F48C8 /* LaunchScreen.storyboard */; };
		970A9C0E25BB44CD007F48C8 /* RSSView.swift in Sources */ = {isa = PBXBuildFile; fileRef = 970A9C0D25BB44CD007F48C8 /* RSSView.swift */; };
		970A9C1225BB4594007F48C8 /* Metrics.swift in Sources */ = {isa = PBXBuildFile; fileRef = 970A9C1125BB4594007F48C8 /* Metrics.swift */; };
		970A9C1525BB45B4007F48C8 /* Fonts.swift in Sources */ = {isa = PBXBuildFile; fileRef = 970A9C1425BB45B4007F48C8 /* Fonts.swift */; };
		970A9C1825BB45DD007F48C8 /* AssetImages.swift in Sources */ = {isa = PBXBuildFile; fileRef = 970A9C1725BB45DD007F48C8 /* AssetImages.swift */; };
		970A9C1B25BB46CA007F48C8 /* RSSCell.swift in Sources */ = {isa = PBXBuildFile; fileRef = 970A9C1A25BB46CA007F48C8 /* RSSCell.swift */; };
		970A9C1F25BB4844007F48C8 /* Text.swift in Sources */ = {isa = PBXBuildFile; fileRef = 970A9C1E25BB4844007F48C8 /* Text.swift */; };
		970A9C2625BB50A0007F48C8 /* RSSViewPresenter.swift in Sources */ = {isa = PBXBuildFile; fileRef = 970A9C2525BB50A0007F48C8 /* RSSViewPresenter.swift */; };
		970A9C2A25BB5335007F48C8 /* RSSViewPresenterProtocol.swift in Sources */ = {isa = PBXBuildFile; fileRef = 970A9C2925BB5335007F48C8 /* RSSViewPresenterProtocol.swift */; };
		970A9C3025BB56A6007F48C8 /* RSSParser.swift in Sources */ = {isa = PBXBuildFile; fileRef = 970A9C2F25BB56A6007F48C8 /* RSSParser.swift */; };
		970A9C3D25BC8A6B007F48C8 /* ImageExtractor .swift in Sources */ = {isa = PBXBuildFile; fileRef = 970A9C3C25BC8A6B007F48C8 /* ImageExtractor .swift */; };
/* End PBXBuildFile section */

/* Begin PBXFileReference section */
		970A9BEF25BB3E94007F48C8 /* RSSreader.app */ = {isa = PBXFileReference; explicitFileType = wrapper.application; includeInIndex = 0; path = RSSreader.app; sourceTree = BUILT_PRODUCTS_DIR; };
		970A9BF225BB3E94007F48C8 /* AppDelegate.swift */ = {isa = PBXFileReference; lastKnownFileType = sourcecode.swift; path = AppDelegate.swift; sourceTree = "<group>"; };
		970A9BF425BB3E94007F48C8 /* SceneDelegate.swift */ = {isa = PBXFileReference; lastKnownFileType = sourcecode.swift; path = SceneDelegate.swift; sourceTree = "<group>"; };
		970A9BF625BB3E94007F48C8 /* RSSViewController.swift */ = {isa = PBXFileReference; lastKnownFileType = sourcecode.swift; path = RSSViewController.swift; sourceTree = "<group>"; };
		970A9BFB25BB3E9A007F48C8 /* Assets.xcassets */ = {isa = PBXFileReference; lastKnownFileType = folder.assetcatalog; path = Assets.xcassets; sourceTree = "<group>"; };
		970A9BFE25BB3E9A007F48C8 /* Base */ = {isa = PBXFileReference; lastKnownFileType = file.storyboard; name = Base; path = Base.lproj/LaunchScreen.storyboard; sourceTree = "<group>"; };
		970A9C0025BB3E9A007F48C8 /* Info.plist */ = {isa = PBXFileReference; lastKnownFileType = text.plist.xml; path = Info.plist; sourceTree = "<group>"; };
		970A9C0D25BB44CD007F48C8 /* RSSView.swift */ = {isa = PBXFileReference; lastKnownFileType = sourcecode.swift; path = RSSView.swift; sourceTree = "<group>"; };
		970A9C1125BB4594007F48C8 /* Metrics.swift */ = {isa = PBXFileReference; lastKnownFileType = sourcecode.swift; path = Metrics.swift; sourceTree = "<group>"; };
		970A9C1425BB45B4007F48C8 /* Fonts.swift */ = {isa = PBXFileReference; lastKnownFileType = sourcecode.swift; path = Fonts.swift; sourceTree = "<group>"; };
		970A9C1725BB45DD007F48C8 /* AssetImages.swift */ = {isa = PBXFileReference; lastKnownFileType = sourcecode.swift; path = AssetImages.swift; sourceTree = "<group>"; };
		970A9C1A25BB46CA007F48C8 /* RSSCell.swift */ = {isa = PBXFileReference; lastKnownFileType = sourcecode.swift; path = RSSCell.swift; sourceTree = "<group>"; };
		970A9C1E25BB4844007F48C8 /* Text.swift */ = {isa = PBXFileReference; lastKnownFileType = sourcecode.swift; path = Text.swift; sourceTree = "<group>"; };
		970A9C2525BB50A0007F48C8 /* RSSViewPresenter.swift */ = {isa = PBXFileReference; lastKnownFileType = sourcecode.swift; path = RSSViewPresenter.swift; sourceTree = "<group>"; };
		970A9C2925BB5335007F48C8 /* RSSViewPresenterProtocol.swift */ = {isa = PBXFileReference; lastKnownFileType = sourcecode.swift; path = RSSViewPresenterProtocol.swift; sourceTree = "<group>"; };
		970A9C2F25BB56A6007F48C8 /* RSSParser.swift */ = {isa = PBXFileReference; lastKnownFileType = sourcecode.swift; path = RSSParser.swift; sourceTree = "<group>"; };
		970A9C3C25BC8A6B007F48C8 /* ImageExtractor .swift */ = {isa = PBXFileReference; lastKnownFileType = sourcecode.swift; path = "ImageExtractor .swift"; sourceTree = "<group>"; };
/* End PBXFileReference section */

/* Begin PBXFrameworksBuildPhase section */
		970A9BEC25BB3E94007F48C8 /* Frameworks */ = {
			isa = PBXFrameworksBuildPhase;
			buildActionMask = 2147483647;
			files = (
			);
			runOnlyForDeploymentPostprocessing = 0;
		};
/* End PBXFrameworksBuildPhase section */

/* Begin PBXGroup section */
		970A9BE625BB3E94007F48C8 = {
			isa = PBXGroup;
			children = (
				970A9BF125BB3E94007F48C8 /* RSSreader */,
				970A9BF025BB3E94007F48C8 /* Products */,
			);
			sourceTree = "<group>";
		};
		970A9BF025BB3E94007F48C8 /* Products */ = {
			isa = PBXGroup;
			children = (
				970A9BEF25BB3E94007F48C8 /* RSSreader.app */,
			);
			name = Products;
			sourceTree = "<group>";
		};
		970A9BF125BB3E94007F48C8 /* RSSreader */ = {
			isa = PBXGroup;
			children = (
				970A9C2225BB5062007F48C8 /* TableView */,
				970A9C2325BB506E007F48C8 /* TableViewCell */,
				970A9C2E25BB5690007F48C8 /* Parser */,
				970A9C1025BB4579007F48C8 /* Helpers */,
				970A9C0925BB42BD007F48C8 /* Application */,
			);
			path = RSSreader;
			sourceTree = "<group>";
		};
		970A9C0925BB42BD007F48C8 /* Application */ = {
			isa = PBXGroup;
			children = (
				970A9BF225BB3E94007F48C8 /* AppDelegate.swift */,
				970A9BF425BB3E94007F48C8 /* SceneDelegate.swift */,
				970A9BFB25BB3E9A007F48C8 /* Assets.xcassets */,
				970A9BFD25BB3E9A007F48C8 /* LaunchScreen.storyboard */,
				970A9C0025BB3E9A007F48C8 /* Info.plist */,
			);
			path = Application;
			sourceTree = "<group>";
		};
		970A9C1025BB4579007F48C8 /* Helpers */ = {
			isa = PBXGroup;
			children = (
				970A9C1125BB4594007F48C8 /* Metrics.swift */,
				970A9C1425BB45B4007F48C8 /* Fonts.swift */,
				970A9C1725BB45DD007F48C8 /* AssetImages.swift */,
				970A9C1E25BB4844007F48C8 /* Text.swift */,
				970A9C3C25BC8A6B007F48C8 /* ImageExtractor .swift */,
			);
			path = Helpers;
			sourceTree = "<group>";
		};
		970A9C2225BB5062007F48C8 /* TableView */ = {
			isa = PBXGroup;
			children = (
				970A9BF625BB3E94007F48C8 /* RSSViewController.swift */,
				970A9C0D25BB44CD007F48C8 /* RSSView.swift */,
				970A9C2525BB50A0007F48C8 /* RSSViewPresenter.swift */,
				970A9C2925BB5335007F48C8 /* RSSViewPresenterProtocol.swift */,
			);
			path = TableView;
			sourceTree = "<group>";
		};
		970A9C2325BB506E007F48C8 /* TableViewCell */ = {
			isa = PBXGroup;
			children = (
				970A9C1A25BB46CA007F48C8 /* RSSCell.swift */,
			);
			path = TableViewCell;
			sourceTree = "<group>";
		};
		970A9C2E25BB5690007F48C8 /* Parser */ = {
			isa = PBXGroup;
			children = (
				970A9C2F25BB56A6007F48C8 /* RSSParser.swift */,
			);
			path = Parser;
			sourceTree = "<group>";
		};
/* End PBXGroup section */

/* Begin PBXNativeTarget section */
		970A9BEE25BB3E94007F48C8 /* RSSreader */ = {
			isa = PBXNativeTarget;
			buildConfigurationList = 970A9C0325BB3E9A007F48C8 /* Build configuration list for PBXNativeTarget "RSSreader" */;
			buildPhases = (
				970A9BEB25BB3E94007F48C8 /* Sources */,
				970A9BEC25BB3E94007F48C8 /* Frameworks */,
				970A9BED25BB3E94007F48C8 /* Resources */,
			);
			buildRules = (
			);
			dependencies = (
			);
			name = RSSreader;
			productName = RSSreader;
			productReference = 970A9BEF25BB3E94007F48C8 /* RSSreader.app */;
			productType = "com.apple.product-type.application";
		};
/* End PBXNativeTarget section */

/* Begin PBXProject section */
		970A9BE725BB3E94007F48C8 /* Project object */ = {
			isa = PBXProject;
			attributes = {
				LastSwiftUpdateCheck = 1230;
				LastUpgradeCheck = 1230;
				TargetAttributes = {
					970A9BEE25BB3E94007F48C8 = {
						CreatedOnToolsVersion = 12.3;
					};
				};
			};
			buildConfigurationList = 970A9BEA25BB3E94007F48C8 /* Build configuration list for PBXProject "RSSreader" */;
			compatibilityVersion = "Xcode 9.3";
			developmentRegion = en;
			hasScannedForEncodings = 0;
			knownRegions = (
				en,
				Base,
			);
			mainGroup = 970A9BE625BB3E94007F48C8;
			productRefGroup = 970A9BF025BB3E94007F48C8 /* Products */;
			projectDirPath = "";
			projectRoot = "";
			targets = (
				970A9BEE25BB3E94007F48C8 /* RSSreader */,
			);
		};
/* End PBXProject section */

/* Begin PBXResourcesBuildPhase section */
		970A9BED25BB3E94007F48C8 /* Resources */ = {
			isa = PBXResourcesBuildPhase;
			buildActionMask = 2147483647;
			files = (
				970A9BFF25BB3E9A007F48C8 /* LaunchScreen.storyboard in Resources */,
				970A9BFC25BB3E9A007F48C8 /* Assets.xcassets in Resources */,
			);
			runOnlyForDeploymentPostprocessing = 0;
		};
/* End PBXResourcesBuildPhase section */

/* Begin PBXSourcesBuildPhase section */
		970A9BEB25BB3E94007F48C8 /* Sources */ = {
			isa = PBXSourcesBuildPhase;
			buildActionMask = 2147483647;
			files = (
				970A9C2625BB50A0007F48C8 /* RSSViewPresenter.swift in Sources */,
				970A9C1B25BB46CA007F48C8 /* RSSCell.swift in Sources */,
				970A9BF725BB3E94007F48C8 /* RSSViewController.swift in Sources */,
				970A9C0E25BB44CD007F48C8 /* RSSView.swift in Sources */,
				970A9C1225BB4594007F48C8 /* Metrics.swift in Sources */,
				970A9C1F25BB4844007F48C8 /* Text.swift in Sources */,
				970A9BF325BB3E94007F48C8 /* AppDelegate.swift in Sources */,
				970A9C3025BB56A6007F48C8 /* RSSParser.swift in Sources */,
				970A9C1825BB45DD007F48C8 /* AssetImages.swift in Sources */,
				970A9C1525BB45B4007F48C8 /* Fonts.swift in Sources */,
				970A9C3D25BC8A6B007F48C8 /* ImageExtractor .swift in Sources */,
				970A9BF525BB3E94007F48C8 /* SceneDelegate.swift in Sources */,
				970A9C2A25BB5335007F48C8 /* RSSViewPresenterProtocol.swift in Sources */,
			);
			runOnlyForDeploymentPostprocessing = 0;
		};
/* End PBXSourcesBuildPhase section */

/* Begin PBXVariantGroup section */
		970A9BFD25BB3E9A007F48C8 /* LaunchScreen.storyboard */ = {
			isa = PBXVariantGroup;
			children = (
				970A9BFE25BB3E9A007F48C8 /* Base */,
			);
			name = LaunchScreen.storyboard;
			sourceTree = "<group>";
		};
/* End PBXVariantGroup section */

/* Begin XCBuildConfiguration section */
		970A9C0125BB3E9A007F48C8 /* Debug */ = {
			isa = XCBuildConfiguration;
			buildSettings = {
				ALWAYS_SEARCH_USER_PATHS = NO;
				CLANG_ANALYZER_NONNULL = YES;
				CLANG_ANALYZER_NUMBER_OBJECT_CONVERSION = YES_AGGRESSIVE;
				CLANG_CXX_LANGUAGE_STANDARD = "gnu++14";
				CLANG_CXX_LIBRARY = "libc++";
				CLANG_ENABLE_MODULES = YES;
				CLANG_ENABLE_OBJC_ARC = YES;
				CLANG_ENABLE_OBJC_WEAK = YES;
				CLANG_WARN_BLOCK_CAPTURE_AUTORELEASING = YES;
				CLANG_WARN_BOOL_CONVERSION = YES;
				CLANG_WARN_COMMA = YES;
				CLANG_WARN_CONSTANT_CONVERSION = YES;
				CLANG_WARN_DEPRECATED_OBJC_IMPLEMENTATIONS = YES;
				CLANG_WARN_DIRECT_OBJC_ISA_USAGE = YES_ERROR;
				CLANG_WARN_DOCUMENTATION_COMMENTS = YES;
				CLANG_WARN_EMPTY_BODY = YES;
				CLANG_WARN_ENUM_CONVERSION = YES;
				CLANG_WARN_INFINITE_RECURSION = YES;
				CLANG_WARN_INT_CONVERSION = YES;
				CLANG_WARN_NON_LITERAL_NULL_CONVERSION = YES;
				CLANG_WARN_OBJC_IMPLICIT_RETAIN_SELF = YES;
				CLANG_WARN_OBJC_LITERAL_CONVERSION = YES;
				CLANG_WARN_OBJC_ROOT_CLASS = YES_ERROR;
				CLANG_WARN_QUOTED_INCLUDE_IN_FRAMEWORK_HEADER = YES;
				CLANG_WARN_RANGE_LOOP_ANALYSIS = YES;
				CLANG_WARN_STRICT_PROTOTYPES = YES;
				CLANG_WARN_SUSPICIOUS_MOVE = YES;
				CLANG_WARN_UNGUARDED_AVAILABILITY = YES_AGGRESSIVE;
				CLANG_WARN_UNREACHABLE_CODE = YES;
				CLANG_WARN__DUPLICATE_METHOD_MATCH = YES;
				COPY_PHASE_STRIP = NO;
				DEBUG_INFORMATION_FORMAT = dwarf;
				ENABLE_STRICT_OBJC_MSGSEND = YES;
				ENABLE_TESTABILITY = YES;
				GCC_C_LANGUAGE_STANDARD = gnu11;
				GCC_DYNAMIC_NO_PIC = NO;
				GCC_NO_COMMON_BLOCKS = YES;
				GCC_OPTIMIZATION_LEVEL = 0;
				GCC_PREPROCESSOR_DEFINITIONS = (
					"DEBUG=1",
					"$(inherited)",
				);
				GCC_WARN_64_TO_32_BIT_CONVERSION = YES;
				GCC_WARN_ABOUT_RETURN_TYPE = YES_ERROR;
				GCC_WARN_UNDECLARED_SELECTOR = YES;
				GCC_WARN_UNINITIALIZED_AUTOS = YES_AGGRESSIVE;
				GCC_WARN_UNUSED_FUNCTION = YES;
				GCC_WARN_UNUSED_VARIABLE = YES;
				IPHONEOS_DEPLOYMENT_TARGET = 14.3;
				MTL_ENABLE_DEBUG_INFO = INCLUDE_SOURCE;
				MTL_FAST_MATH = YES;
				ONLY_ACTIVE_ARCH = YES;
				SDKROOT = iphoneos;
				SWIFT_ACTIVE_COMPILATION_CONDITIONS = DEBUG;
				SWIFT_OPTIMIZATION_LEVEL = "-Onone";
			};
			name = Debug;
		};
		970A9C0225BB3E9A007F48C8 /* Release */ = {
			isa = XCBuildConfiguration;
			buildSettings = {
				ALWAYS_SEARCH_USER_PATHS = NO;
				CLANG_ANALYZER_NONNULL = YES;
				CLANG_ANALYZER_NUMBER_OBJECT_CONVERSION = YES_AGGRESSIVE;
				CLANG_CXX_LANGUAGE_STANDARD = "gnu++14";
				CLANG_CXX_LIBRARY = "libc++";
				CLANG_ENABLE_MODULES = YES;
				CLANG_ENABLE_OBJC_ARC = YES;
				CLANG_ENABLE_OBJC_WEAK = YES;
				CLANG_WARN_BLOCK_CAPTURE_AUTORELEASING = YES;
				CLANG_WARN_BOOL_CONVERSION = YES;
				CLANG_WARN_COMMA = YES;
				CLANG_WARN_CONSTANT_CONVERSION = YES;
				CLANG_WARN_DEPRECATED_OBJC_IMPLEMENTATIONS = YES;
				CLANG_WARN_DIRECT_OBJC_ISA_USAGE = YES_ERROR;
				CLANG_WARN_DOCUMENTATION_COMMENTS = YES;
				CLANG_WARN_EMPTY_BODY = YES;
				CLANG_WARN_ENUM_CONVERSION = YES;
				CLANG_WARN_INFINITE_RECURSION = YES;
				CLANG_WARN_INT_CONVERSION = YES;
				CLANG_WARN_NON_LITERAL_NULL_CONVERSION = YES;
				CLANG_WARN_OBJC_IMPLICIT_RETAIN_SELF = YES;
				CLANG_WARN_OBJC_LITERAL_CONVERSION = YES;
				CLANG_WARN_OBJC_ROOT_CLASS = YES_ERROR;
				CLANG_WARN_QUOTED_INCLUDE_IN_FRAMEWORK_HEADER = YES;
				CLANG_WARN_RANGE_LOOP_ANALYSIS = YES;
				CLANG_WARN_STRICT_PROTOTYPES = YES;
				CLANG_WARN_SUSPICIOUS_MOVE = YES;
				CLANG_WARN_UNGUARDED_AVAILABILITY = YES_AGGRESSIVE;
				CLANG_WARN_UNREACHABLE_CODE = YES;
				CLANG_WARN__DUPLICATE_METHOD_MATCH = YES;
				COPY_PHASE_STRIP = NO;
				DEBUG_INFORMATION_FORMAT = "dwarf-with-dsym";
				ENABLE_NS_ASSERTIONS = NO;
				ENABLE_STRICT_OBJC_MSGSEND = YES;
				GCC_C_LANGUAGE_STANDARD = gnu11;
				GCC_NO_COMMON_BLOCKS = YES;
				GCC_WARN_64_TO_32_BIT_CONVERSION = YES;
				GCC_WARN_ABOUT_RETURN_TYPE = YES_ERROR;
				GCC_WARN_UNDECLARED_SELECTOR = YES;
				GCC_WARN_UNINITIALIZED_AUTOS = YES_AGGRESSIVE;
				GCC_WARN_UNUSED_FUNCTION = YES;
				GCC_WARN_UNUSED_VARIABLE = YES;
				IPHONEOS_DEPLOYMENT_TARGET = 14.3;
				MTL_ENABLE_DEBUG_INFO = NO;
				MTL_FAST_MATH = YES;
				SDKROOT = iphoneos;
				SWIFT_COMPILATION_MODE = wholemodule;
				SWIFT_OPTIMIZATION_LEVEL = "-O";
				VALIDATE_PRODUCT = YES;
			};
			name = Release;
		};
		970A9C0425BB3E9A007F48C8 /* Debug */ = {
			isa = XCBuildConfiguration;
			buildSettings = {
				ASSETCATALOG_COMPILER_APPICON_NAME = AppIcon;
				ASSETCATALOG_COMPILER_GLOBAL_ACCENT_COLOR_NAME = AccentColor;
				CODE_SIGN_STYLE = Automatic;
				INFOPLIST_FILE = "$(SRCROOT)/RSSreader/Application/Info.plist";
				LD_RUNPATH_SEARCH_PATHS = (
					"$(inherited)",
					"@executable_path/Frameworks",
				);
				PRODUCT_BUNDLE_IDENTIFIER = valeriy.pokatilo.RSSreader;
				PRODUCT_NAME = "$(TARGET_NAME)";
				SWIFT_VERSION = 5.0;
				TARGETED_DEVICE_FAMILY = 1;
			};
			name = Debug;
		};
		970A9C0525BB3E9A007F48C8 /* Release */ = {
			isa = XCBuildConfiguration;
			buildSettings = {
				ASSETCATALOG_COMPILER_APPICON_NAME = AppIcon;
				ASSETCATALOG_COMPILER_GLOBAL_ACCENT_COLOR_NAME = AccentColor;
				CODE_SIGN_STYLE = Automatic;
				INFOPLIST_FILE = "$(SRCROOT)/RSSreader/Application/Info.plist";
				LD_RUNPATH_SEARCH_PATHS = (
					"$(inherited)",
					"@executable_path/Frameworks",
				);
				PRODUCT_BUNDLE_IDENTIFIER = valeriy.pokatilo.RSSreader;
				PRODUCT_NAME = "$(TARGET_NAME)";
				SWIFT_VERSION = 5.0;
				TARGETED_DEVICE_FAMILY = 1;
			};
			name = Release;
		};
/* End XCBuildConfiguration section */

/* Begin XCConfigurationList section */
		970A9BEA25BB3E94007F48C8 /* Build configuration list for PBXProject "RSSreader" */ = {
			isa = XCConfigurationList;
			buildConfigurations = (
				970A9C0125BB3E9A007F48C8 /* Debug */,
				970A9C0225BB3E9A007F48C8 /* Release */,
			);
			defaultConfigurationIsVisible = 0;
			defaultConfigurationName = Release;
		};
		970A9C0325BB3E9A007F48C8 /* Build configuration list for PBXNativeTarget "RSSreader" */ = {
			isa = XCConfigurationList;
			buildConfigurations = (
				970A9C0425BB3E9A007F48C8 /* Debug */,
				970A9C0525BB3E9A007F48C8 /* Release */,
			);
			defaultConfigurationIsVisible = 0;
			defaultConfigurationName = Release;
		};
/* End XCConfigurationList section */
	};
	rootObject = 970A9BE725BB3E94007F48C8 /* Project object */;
}
